// !$*UTF8*$!
{
	archiveVersion = 1;
	classes = {
	};
	objectVersion = 46;
	objects = {

/* Begin PBXBuildFile section */
		F404CB1D1EFDBEF500506D92 /* AboutViewController.m in Sources */ = {isa = PBXBuildFile; fileRef = F404CB1C1EFDBEF500506D92 /* AboutViewController.m */; };
		F40FB3291F0301B500A126DF /* WebViewController.xib in Resources */ = {isa = PBXBuildFile; fileRef = F40FB3281F0301B500A126DF /* WebViewController.xib */; };
		F4175B521EF85C4A005278D9 /* CarInfo.m in Sources */ = {isa = PBXBuildFile; fileRef = F4175B511EF85C4A005278D9 /* CarInfo.m */; };
		F419B9571EFB15BF003131AB /* HomeViewController.m in Sources */ = {isa = PBXBuildFile; fileRef = F419B9561EFB15BF003131AB /* HomeViewController.m */; };
		F41AE6EC1EFC5C65001A4184 /* ConfigurationViewController.m in Sources */ = {isa = PBXBuildFile; fileRef = F41AE6EB1EFC5C65001A4184 /* ConfigurationViewController.m */; };
		F41B13B51F059F1D00ED54E6 /* Utils.m in Sources */ = {isa = PBXBuildFile; fileRef = F41B13B41F059F1D00ED54E6 /* Utils.m */; };
		F41D3F4D1F0FEA000001254F /* SortTableViewCell.m in Sources */ = {isa = PBXBuildFile; fileRef = F41D3F4C1F0FEA000001254F /* SortTableViewCell.m */; };
		F41D3F501F0FF2420001254F /* Sort.m in Sources */ = {isa = PBXBuildFile; fileRef = F41D3F4F1F0FF2420001254F /* Sort.m */; };
		F41D41D01F0EAA8000F421DA /* TPKeyboardAvoidingScrollView.m in Sources */ = {isa = PBXBuildFile; fileRef = F41D41CF1F0EAA8000F421DA /* TPKeyboardAvoidingScrollView.m */; };
		F41D41D31F0EAAC700F421DA /* UIScrollView+TPKeyboardAvoidingAdditions.m in Sources */ = {isa = PBXBuildFile; fileRef = F41D41D21F0EAAC700F421DA /* UIScrollView+TPKeyboardAvoidingAdditions.m */; };
		F44C8BE11F014927003E58CB /* WebViewController.m in Sources */ = {isa = PBXBuildFile; fileRef = F44C8BE01F014927003E58CB /* WebViewController.m */; };
		F45807291EFD946000FD19D4 /* NSString+MD5.m in Sources */ = {isa = PBXBuildFile; fileRef = F45807281EFD946000FD19D4 /* NSString+MD5.m */; };
		F46694A01EFBFFC600748DAA /* NextTextField.m in Sources */ = {isa = PBXBuildFile; fileRef = F466949F1EFBFFC600748DAA /* NextTextField.m */; };
		F477E16D1EF814CC00A524F2 /* PhotoScroller.m in Sources */ = {isa = PBXBuildFile; fileRef = F477E16C1EF814CC00A524F2 /* PhotoScroller.m */; };
		F4B9A6141EF1CA74001E099C /* main.m in Sources */ = {isa = PBXBuildFile; fileRef = F4B9A6131EF1CA74001E099C /* main.m */; };
		F4B9A6171EF1CA74001E099C /* AppDelegate.m in Sources */ = {isa = PBXBuildFile; fileRef = F4B9A6161EF1CA74001E099C /* AppDelegate.m */; };
		F4B9A61D1EF1CA74001E099C /* Main.storyboard in Resources */ = {isa = PBXBuildFile; fileRef = F4B9A61B1EF1CA74001E099C /* Main.storyboard */; };
		F4B9A61F1EF1CA74001E099C /* Assets.xcassets in Resources */ = {isa = PBXBuildFile; fileRef = F4B9A61E1EF1CA74001E099C /* Assets.xcassets */; };
		F4B9A6221EF1CA74001E099C /* LaunchScreen.storyboard in Resources */ = {isa = PBXBuildFile; fileRef = F4B9A6201EF1CA74001E099C /* LaunchScreen.storyboard */; };
		F4B9A62D1EF1CA74001E099C /* iCarListTests.m in Sources */ = {isa = PBXBuildFile; fileRef = F4B9A62C1EF1CA74001E099C /* iCarListTests.m */; };
		F4B9A6381EF1CA74001E099C /* iCarListUITests.m in Sources */ = {isa = PBXBuildFile; fileRef = F4B9A6371EF1CA74001E099C /* iCarListUITests.m */; };
		F4B9A6471EF1CB7A001E099C /* CarListTableViewController.m in Sources */ = {isa = PBXBuildFile; fileRef = F4B9A6461EF1CB7A001E099C /* CarListTableViewController.m */; };
		F4B9A64D1EF1CBF7001E099C /* CarListTableViewCell.m in Sources */ = {isa = PBXBuildFile; fileRef = F4B9A64C1EF1CBF7001E099C /* CarListTableViewCell.m */; };
		F4B9A6521EF1D36F001E099C /* CarInfoViewController.m in Sources */ = {isa = PBXBuildFile; fileRef = F4B9A6511EF1D36F001E099C /* CarInfoViewController.m */; };
		F4E097E71F0FCD1600A15B6F /* SearchViewController.m in Sources */ = {isa = PBXBuildFile; fileRef = F4E097E61F0FCD1600A15B6F /* SearchViewController.m */; };
/* End PBXBuildFile section */

/* Begin PBXContainerItemProxy section */
		F4B9A6291EF1CA74001E099C /* PBXContainerItemProxy */ = {
			isa = PBXContainerItemProxy;
			containerPortal = F4B9A6071EF1CA74001E099C /* Project object */;
			proxyType = 1;
			remoteGlobalIDString = F4B9A60E1EF1CA74001E099C;
			remoteInfo = iCarList;
		};
		F4B9A6341EF1CA74001E099C /* PBXContainerItemProxy */ = {
			isa = PBXContainerItemProxy;
			containerPortal = F4B9A6071EF1CA74001E099C /* Project object */;
			proxyType = 1;
			remoteGlobalIDString = F4B9A60E1EF1CA74001E099C;
			remoteInfo = iCarList;
		};
/* End PBXContainerItemProxy section */

/* Begin PBXFileReference section */
		F404CB1B1EFDBEF500506D92 /* AboutViewController.h */ = {isa = PBXFileReference; fileEncoding = 4; lastKnownFileType = sourcecode.c.h; path = AboutViewController.h; sourceTree = "<group>"; };
		F404CB1C1EFDBEF500506D92 /* AboutViewController.m */ = {isa = PBXFileReference; fileEncoding = 4; lastKnownFileType = sourcecode.c.objc; path = AboutViewController.m; sourceTree = "<group>"; };
		F40FB3281F0301B500A126DF /* WebViewController.xib */ = {isa = PBXFileReference; fileEncoding = 4; lastKnownFileType = file.xib; path = WebViewController.xib; sourceTree = "<group>"; };
		F4175B501EF85C4A005278D9 /* CarInfo.h */ = {isa = PBXFileReference; fileEncoding = 4; lastKnownFileType = sourcecode.c.h; path = CarInfo.h; sourceTree = "<group>"; };
		F4175B511EF85C4A005278D9 /* CarInfo.m */ = {isa = PBXFileReference; fileEncoding = 4; lastKnownFileType = sourcecode.c.objc; path = CarInfo.m; sourceTree = "<group>"; };
		F419B9531EFB1503003131AB /* Defines.h */ = {isa = PBXFileReference; lastKnownFileType = sourcecode.c.h; path = Defines.h; sourceTree = "<group>"; };
		F419B9551EFB15BF003131AB /* HomeViewController.h */ = {isa = PBXFileReference; fileEncoding = 4; lastKnownFileType = sourcecode.c.h; path = HomeViewController.h; sourceTree = "<group>"; };
		F419B9561EFB15BF003131AB /* HomeViewController.m */ = {isa = PBXFileReference; fileEncoding = 4; lastKnownFileType = sourcecode.c.objc; path = HomeViewController.m; sourceTree = "<group>"; };
		F41AE6EA1EFC5C65001A4184 /* ConfigurationViewController.h */ = {isa = PBXFileReference; fileEncoding = 4; lastKnownFileType = sourcecode.c.h; path = ConfigurationViewController.h; sourceTree = "<group>"; };
		F41AE6EB1EFC5C65001A4184 /* ConfigurationViewController.m */ = {isa = PBXFileReference; fileEncoding = 4; lastKnownFileType = sourcecode.c.objc; path = ConfigurationViewController.m; sourceTree = "<group>"; };
		F41B13B31F059F1D00ED54E6 /* Utils.h */ = {isa = PBXFileReference; fileEncoding = 4; lastKnownFileType = sourcecode.c.h; path = Utils.h; sourceTree = "<group>"; };
		F41B13B41F059F1D00ED54E6 /* Utils.m */ = {isa = PBXFileReference; fileEncoding = 4; lastKnownFileType = sourcecode.c.objc; path = Utils.m; sourceTree = "<group>"; };
		F41D3F4B1F0FEA000001254F /* SortTableViewCell.h */ = {isa = PBXFileReference; fileEncoding = 4; lastKnownFileType = sourcecode.c.h; path = SortTableViewCell.h; sourceTree = "<group>"; };
		F41D3F4C1F0FEA000001254F /* SortTableViewCell.m */ = {isa = PBXFileReference; fileEncoding = 4; lastKnownFileType = sourcecode.c.objc; path = SortTableViewCell.m; sourceTree = "<group>"; };
		F41D3F4E1F0FF2420001254F /* Sort.h */ = {isa = PBXFileReference; fileEncoding = 4; lastKnownFileType = sourcecode.c.h; path = Sort.h; sourceTree = "<group>"; };
		F41D3F4F1F0FF2420001254F /* Sort.m */ = {isa = PBXFileReference; fileEncoding = 4; lastKnownFileType = sourcecode.c.objc; path = Sort.m; sourceTree = "<group>"; };
		F41D41CE1F0EAA8000F421DA /* TPKeyboardAvoidingScrollView.h */ = {isa = PBXFileReference; fileEncoding = 4; lastKnownFileType = sourcecode.c.h; path = TPKeyboardAvoidingScrollView.h; sourceTree = "<group>"; };
		F41D41CF1F0EAA8000F421DA /* TPKeyboardAvoidingScrollView.m */ = {isa = PBXFileReference; fileEncoding = 4; lastKnownFileType = sourcecode.c.objc; path = TPKeyboardAvoidingScrollView.m; sourceTree = "<group>"; };
		F41D41D11F0EAAC700F421DA /* UIScrollView+TPKeyboardAvoidingAdditions.h */ = {isa = PBXFileReference; fileEncoding = 4; lastKnownFileType = sourcecode.c.h; path = "UIScrollView+TPKeyboardAvoidingAdditions.h"; sourceTree = "<group>"; };
		F41D41D21F0EAAC700F421DA /* UIScrollView+TPKeyboardAvoidingAdditions.m */ = {isa = PBXFileReference; fileEncoding = 4; lastKnownFileType = sourcecode.c.objc; path = "UIScrollView+TPKeyboardAvoidingAdditions.m"; sourceTree = "<group>"; };
		F44C8BDF1F014927003E58CB /* WebViewController.h */ = {isa = PBXFileReference; fileEncoding = 4; lastKnownFileType = sourcecode.c.h; path = WebViewController.h; sourceTree = "<group>"; };
		F44C8BE01F014927003E58CB /* WebViewController.m */ = {isa = PBXFileReference; fileEncoding = 4; lastKnownFileType = sourcecode.c.objc; path = WebViewController.m; sourceTree = "<group>"; };
		F45807271EFD946000FD19D4 /* NSString+MD5.h */ = {isa = PBXFileReference; fileEncoding = 4; lastKnownFileType = sourcecode.c.h; path = "NSString+MD5.h"; sourceTree = "<group>"; };
		F45807281EFD946000FD19D4 /* NSString+MD5.m */ = {isa = PBXFileReference; fileEncoding = 4; lastKnownFileType = sourcecode.c.objc; path = "NSString+MD5.m"; sourceTree = "<group>"; };
		F466949E1EFBFFC600748DAA /* NextTextField.h */ = {isa = PBXFileReference; fileEncoding = 4; lastKnownFileType = sourcecode.c.h; path = NextTextField.h; sourceTree = "<group>"; };
		F466949F1EFBFFC600748DAA /* NextTextField.m */ = {isa = PBXFileReference; fileEncoding = 4; lastKnownFileType = sourcecode.c.objc; path = NextTextField.m; sourceTree = "<group>"; };
		F477E16B1EF814CC00A524F2 /* PhotoScroller.h */ = {isa = PBXFileReference; fileEncoding = 4; lastKnownFileType = sourcecode.c.h; path = PhotoScroller.h; sourceTree = "<group>"; };
		F477E16C1EF814CC00A524F2 /* PhotoScroller.m */ = {isa = PBXFileReference; fileEncoding = 4; lastKnownFileType = sourcecode.c.objc; path = PhotoScroller.m; sourceTree = "<group>"; };
		F4B9A60F1EF1CA74001E099C /* iCarList.app */ = {isa = PBXFileReference; explicitFileType = wrapper.application; includeInIndex = 0; path = iCarList.app; sourceTree = BUILT_PRODUCTS_DIR; };
		F4B9A6131EF1CA74001E099C /* main.m */ = {isa = PBXFileReference; lastKnownFileType = sourcecode.c.objc; path = main.m; sourceTree = "<group>"; };
		F4B9A6151EF1CA74001E099C /* AppDelegate.h */ = {isa = PBXFileReference; lastKnownFileType = sourcecode.c.h; path = AppDelegate.h; sourceTree = "<group>"; };
		F4B9A6161EF1CA74001E099C /* AppDelegate.m */ = {isa = PBXFileReference; lastKnownFileType = sourcecode.c.objc; path = AppDelegate.m; sourceTree = "<group>"; };
		F4B9A61C1EF1CA74001E099C /* Base */ = {isa = PBXFileReference; lastKnownFileType = file.storyboard; name = Base; path = Base.lproj/Main.storyboard; sourceTree = "<group>"; };
		F4B9A61E1EF1CA74001E099C /* Assets.xcassets */ = {isa = PBXFileReference; lastKnownFileType = folder.assetcatalog; path = Assets.xcassets; sourceTree = "<group>"; };
		F4B9A6211EF1CA74001E099C /* Base */ = {isa = PBXFileReference; lastKnownFileType = file.storyboard; name = Base; path = Base.lproj/LaunchScreen.storyboard; sourceTree = "<group>"; };
		F4B9A6231EF1CA74001E099C /* Info.plist */ = {isa = PBXFileReference; lastKnownFileType = text.plist.xml; path = Info.plist; sourceTree = "<group>"; };
		F4B9A6281EF1CA74001E099C /* iCarListTests.xctest */ = {isa = PBXFileReference; explicitFileType = wrapper.cfbundle; includeInIndex = 0; path = iCarListTests.xctest; sourceTree = BUILT_PRODUCTS_DIR; };
		F4B9A62C1EF1CA74001E099C /* iCarListTests.m */ = {isa = PBXFileReference; lastKnownFileType = sourcecode.c.objc; path = iCarListTests.m; sourceTree = "<group>"; };
		F4B9A62E1EF1CA74001E099C /* Info.plist */ = {isa = PBXFileReference; lastKnownFileType = text.plist.xml; path = Info.plist; sourceTree = "<group>"; };
		F4B9A6331EF1CA74001E099C /* iCarListUITests.xctest */ = {isa = PBXFileReference; explicitFileType = wrapper.cfbundle; includeInIndex = 0; path = iCarListUITests.xctest; sourceTree = BUILT_PRODUCTS_DIR; };
		F4B9A6371EF1CA74001E099C /* iCarListUITests.m */ = {isa = PBXFileReference; lastKnownFileType = sourcecode.c.objc; path = iCarListUITests.m; sourceTree = "<group>"; };
		F4B9A6391EF1CA74001E099C /* Info.plist */ = {isa = PBXFileReference; lastKnownFileType = text.plist.xml; path = Info.plist; sourceTree = "<group>"; };
		F4B9A6451EF1CB7A001E099C /* CarListTableViewController.h */ = {isa = PBXFileReference; fileEncoding = 4; lastKnownFileType = sourcecode.c.h; path = CarListTableViewController.h; sourceTree = "<group>"; };
		F4B9A6461EF1CB7A001E099C /* CarListTableViewController.m */ = {isa = PBXFileReference; fileEncoding = 4; lastKnownFileType = sourcecode.c.objc; path = CarListTableViewController.m; sourceTree = "<group>"; };
		F4B9A64B1EF1CBF7001E099C /* CarListTableViewCell.h */ = {isa = PBXFileReference; fileEncoding = 4; lastKnownFileType = sourcecode.c.h; path = CarListTableViewCell.h; sourceTree = "<group>"; };
		F4B9A64C1EF1CBF7001E099C /* CarListTableViewCell.m */ = {isa = PBXFileReference; fileEncoding = 4; lastKnownFileType = sourcecode.c.objc; path = CarListTableViewCell.m; sourceTree = "<group>"; };
		F4B9A6501EF1D36F001E099C /* CarInfoViewController.h */ = {isa = PBXFileReference; fileEncoding = 4; lastKnownFileType = sourcecode.c.h; path = CarInfoViewController.h; sourceTree = "<group>"; };
		F4B9A6511EF1D36F001E099C /* CarInfoViewController.m */ = {isa = PBXFileReference; fileEncoding = 4; lastKnownFileType = sourcecode.c.objc; path = CarInfoViewController.m; sourceTree = "<group>"; };
		F4E097E51F0FCD1600A15B6F /* SearchViewController.h */ = {isa = PBXFileReference; fileEncoding = 4; lastKnownFileType = sourcecode.c.h; path = SearchViewController.h; sourceTree = "<group>"; };
		F4E097E61F0FCD1600A15B6F /* SearchViewController.m */ = {isa = PBXFileReference; fileEncoding = 4; lastKnownFileType = sourcecode.c.objc; path = SearchViewController.m; sourceTree = "<group>"; };
/* End PBXFileReference section */

/* Begin PBXFrameworksBuildPhase section */
		F4B9A60C1EF1CA74001E099C /* Frameworks */ = {
			isa = PBXFrameworksBuildPhase;
			buildActionMask = 2147483647;
			files = (
			);
			runOnlyForDeploymentPostprocessing = 0;
		};
		F4B9A6251EF1CA74001E099C /* Frameworks */ = {
			isa = PBXFrameworksBuildPhase;
			buildActionMask = 2147483647;
			files = (
			);
			runOnlyForDeploymentPostprocessing = 0;
		};
		F4B9A6301EF1CA74001E099C /* Frameworks */ = {
			isa = PBXFrameworksBuildPhase;
			buildActionMask = 2147483647;
			files = (
			);
			runOnlyForDeploymentPostprocessing = 0;
		};
/* End PBXFrameworksBuildPhase section */

/* Begin PBXGroup section */
		F404CB1A1EFDBEDB00506D92 /* About */ = {
			isa = PBXGroup;
			children = (
				F404CB1B1EFDBEF500506D92 /* AboutViewController.h */,
				F404CB1C1EFDBEF500506D92 /* AboutViewController.m */,
			);
			name = About;
			sourceTree = "<group>";
		};
		F4175B4E1EF85C15005278D9 /* Car Info */ = {
			isa = PBXGroup;
			children = (
				F4175B501EF85C4A005278D9 /* CarInfo.h */,
				F4175B511EF85C4A005278D9 /* CarInfo.m */,
				F458072A1EFD946900FD19D4 /* MD5 */,
			);
			name = "Car Info";
			sourceTree = "<group>";
		};
		F419B9541EFB15AF003131AB /* Home */ = {
			isa = PBXGroup;
			children = (
				F419B9551EFB15BF003131AB /* HomeViewController.h */,
				F419B9561EFB15BF003131AB /* HomeViewController.m */,
			);
			name = Home;
			sourceTree = "<group>";
		};
		F41AE6E91EFC5C51001A4184 /* Configuration */ = {
			isa = PBXGroup;
			children = (
				F41AE6EA1EFC5C65001A4184 /* ConfigurationViewController.h */,
				F41AE6EB1EFC5C65001A4184 /* ConfigurationViewController.m */,
			);
			name = Configuration;
			sourceTree = "<group>";
		};
		F41B13B21F059F0D00ED54E6 /* Utils */ = {
			isa = PBXGroup;
			children = (
				F419B9531EFB1503003131AB /* Defines.h */,
				F41B13B31F059F1D00ED54E6 /* Utils.h */,
				F41B13B41F059F1D00ED54E6 /* Utils.m */,
			);
			name = Utils;
			sourceTree = "<group>";
		};
		F41D41CD1F0EAA5900F421DA /* TPKeyboardAvoidingScrollView */ = {
			isa = PBXGroup;
			children = (
				F41D41CE1F0EAA8000F421DA /* TPKeyboardAvoidingScrollView.h */,
				F41D41CF1F0EAA8000F421DA /* TPKeyboardAvoidingScrollView.m */,
				F41D41D11F0EAAC700F421DA /* UIScrollView+TPKeyboardAvoidingAdditions.h */,
				F41D41D21F0EAAC700F421DA /* UIScrollView+TPKeyboardAvoidingAdditions.m */,
			);
			name = TPKeyboardAvoidingScrollView;
			sourceTree = "<group>";
		};
		F44C8BDE1F014910003E58CB /* Web View */ = {
			isa = PBXGroup;
			children = (
				F44C8BDF1F014927003E58CB /* WebViewController.h */,
				F44C8BE01F014927003E58CB /* WebViewController.m */,
				F40FB3281F0301B500A126DF /* WebViewController.xib */,
			);
			name = "Web View";
			sourceTree = "<group>";
		};
		F458072A1EFD946900FD19D4 /* MD5 */ = {
			isa = PBXGroup;
			children = (
				F45807271EFD946000FD19D4 /* NSString+MD5.h */,
				F45807281EFD946000FD19D4 /* NSString+MD5.m */,
			);
			name = MD5;
			sourceTree = "<group>";
		};
		F466949C1EFBF4F800748DAA /* Controllers */ = {
			isa = PBXGroup;
			children = (
				F404CB1A1EFDBEDB00506D92 /* About */,
				F4B9A64F1EF1D357001E099C /* Car Info */,
				F4B9A6491EF1CBBF001E099C /* Car List Table */,
				F41AE6E91EFC5C51001A4184 /* Configuration */,
				F419B9541EFB15AF003131AB /* Home */,
				F4E097E41F0FCCF500A15B6F /* Search */,
				F44C8BDE1F014910003E58CB /* Web View */,
			);
			name = Controllers;
			sourceTree = "<group>";
		};
		F466949D1EFBFFA800748DAA /* Next Text Field */ = {
			isa = PBXGroup;
			children = (
				F466949E1EFBFFC600748DAA /* NextTextField.h */,
				F466949F1EFBFFC600748DAA /* NextTextField.m */,
			);
			name = "Next Text Field";
			sourceTree = "<group>";
		};
		F477E16A1EF814BD00A524F2 /* PhotoScroller */ = {
			isa = PBXGroup;
			children = (
				F477E16B1EF814CC00A524F2 /* PhotoScroller.h */,
				F477E16C1EF814CC00A524F2 /* PhotoScroller.m */,
			);
			name = PhotoScroller;
			sourceTree = "<group>";
		};
		F4B9A6061EF1CA74001E099C = {
			isa = PBXGroup;
			children = (
				F4B9A6111EF1CA74001E099C /* iCarList */,
				F4B9A62B1EF1CA74001E099C /* iCarListTests */,
				F4B9A6361EF1CA74001E099C /* iCarListUITests */,
				F4B9A6101EF1CA74001E099C /* Products */,
			);
			sourceTree = "<group>";
		};
		F4B9A6101EF1CA74001E099C /* Products */ = {
			isa = PBXGroup;
			children = (
				F4B9A60F1EF1CA74001E099C /* iCarList.app */,
				F4B9A6281EF1CA74001E099C /* iCarListTests.xctest */,
				F4B9A6331EF1CA74001E099C /* iCarListUITests.xctest */,
			);
			name = Products;
			sourceTree = "<group>";
		};
		F4B9A6111EF1CA74001E099C /* iCarList */ = {
			isa = PBXGroup;
			children = (
				F4B9A6151EF1CA74001E099C /* AppDelegate.h */,
				F4B9A6161EF1CA74001E099C /* AppDelegate.m */,
				F4B9A61E1EF1CA74001E099C /* Assets.xcassets */,
				F4B9A6231EF1CA74001E099C /* Info.plist */,
				F4B9A61B1EF1CA74001E099C /* Main.storyboard */,
				F4B9A6201EF1CA74001E099C /* LaunchScreen.storyboard */,
				F4175B4E1EF85C15005278D9 /* Car Info */,
				F466949C1EFBF4F800748DAA /* Controllers */,
				F466949D1EFBFFA800748DAA /* Next Text Field */,
				F477E16A1EF814BD00A524F2 /* PhotoScroller */,
				F4B9A6121EF1CA74001E099C /* Supporting Files */,
				F41D41CD1F0EAA5900F421DA /* TPKeyboardAvoidingScrollView */,
				F41B13B21F059F0D00ED54E6 /* Utils */,
			);
			path = iCarList;
			sourceTree = "<group>";
		};
		F4B9A6121EF1CA74001E099C /* Supporting Files */ = {
			isa = PBXGroup;
			children = (
				F4B9A6131EF1CA74001E099C /* main.m */,
			);
			name = "Supporting Files";
			sourceTree = "<group>";
		};
		F4B9A62B1EF1CA74001E099C /* iCarListTests */ = {
			isa = PBXGroup;
			children = (
				F4B9A62C1EF1CA74001E099C /* iCarListTests.m */,
				F4B9A62E1EF1CA74001E099C /* Info.plist */,
			);
			path = iCarListTests;
			sourceTree = "<group>";
		};
		F4B9A6361EF1CA74001E099C /* iCarListUITests */ = {
			isa = PBXGroup;
			children = (
				F4B9A6371EF1CA74001E099C /* iCarListUITests.m */,
				F4B9A6391EF1CA74001E099C /* Info.plist */,
			);
			path = iCarListUITests;
			sourceTree = "<group>";
		};
		F4B9A6491EF1CBBF001E099C /* Car List Table */ = {
			isa = PBXGroup;
			children = (
				F4B9A6451EF1CB7A001E099C /* CarListTableViewController.h */,
				F4B9A6461EF1CB7A001E099C /* CarListTableViewController.m */,
				F4B9A64B1EF1CBF7001E099C /* CarListTableViewCell.h */,
				F4B9A64C1EF1CBF7001E099C /* CarListTableViewCell.m */,
			);
			name = "Car List Table";
			sourceTree = "<group>";
		};
		F4B9A64F1EF1D357001E099C /* Car Info */ = {
			isa = PBXGroup;
			children = (
				F4B9A6501EF1D36F001E099C /* CarInfoViewController.h */,
				F4B9A6511EF1D36F001E099C /* CarInfoViewController.m */,
			);
			name = "Car Info";
			sourceTree = "<group>";
		};
		F4E097E41F0FCCF500A15B6F /* Search */ = {
			isa = PBXGroup;
			children = (
				F4E097E51F0FCD1600A15B6F /* SearchViewController.h */,
				F4E097E61F0FCD1600A15B6F /* SearchViewController.m */,
				F41D3F4B1F0FEA000001254F /* SortTableViewCell.h */,
				F41D3F4C1F0FEA000001254F /* SortTableViewCell.m */,
				F41D3F4E1F0FF2420001254F /* Sort.h */,
				F41D3F4F1F0FF2420001254F /* Sort.m */,
			);
			name = Search;
			sourceTree = "<group>";
		};
/* End PBXGroup section */

/* Begin PBXNativeTarget section */
		F4B9A60E1EF1CA74001E099C /* iCarList */ = {
			isa = PBXNativeTarget;
			buildConfigurationList = F4B9A63C1EF1CA74001E099C /* Build configuration list for PBXNativeTarget "iCarList" */;
			buildPhases = (
				F4B9A60B1EF1CA74001E099C /* Sources */,
				F4B9A60C1EF1CA74001E099C /* Frameworks */,
				F4B9A60D1EF1CA74001E099C /* Resources */,
			);
			buildRules = (
			);
			dependencies = (
			);
			name = iCarList;
			productName = iCarList;
			productReference = F4B9A60F1EF1CA74001E099C /* iCarList.app */;
			productType = "com.apple.product-type.application";
		};
		F4B9A6271EF1CA74001E099C /* iCarListTests */ = {
			isa = PBXNativeTarget;
			buildConfigurationList = F4B9A63F1EF1CA74001E099C /* Build configuration list for PBXNativeTarget "iCarListTests" */;
			buildPhases = (
				F4B9A6241EF1CA74001E099C /* Sources */,
				F4B9A6251EF1CA74001E099C /* Frameworks */,
				F4B9A6261EF1CA74001E099C /* Resources */,
			);
			buildRules = (
			);
			dependencies = (
				F4B9A62A1EF1CA74001E099C /* PBXTargetDependency */,
			);
			name = iCarListTests;
			productName = iCarListTests;
			productReference = F4B9A6281EF1CA74001E099C /* iCarListTests.xctest */;
			productType = "com.apple.product-type.bundle.unit-test";
		};
		F4B9A6321EF1CA74001E099C /* iCarListUITests */ = {
			isa = PBXNativeTarget;
			buildConfigurationList = F4B9A6421EF1CA74001E099C /* Build configuration list for PBXNativeTarget "iCarListUITests" */;
			buildPhases = (
				F4B9A62F1EF1CA74001E099C /* Sources */,
				F4B9A6301EF1CA74001E099C /* Frameworks */,
				F4B9A6311EF1CA74001E099C /* Resources */,
			);
			buildRules = (
			);
			dependencies = (
				F4B9A6351EF1CA74001E099C /* PBXTargetDependency */,
			);
			name = iCarListUITests;
			productName = iCarListUITests;
			productReference = F4B9A6331EF1CA74001E099C /* iCarListUITests.xctest */;
			productType = "com.apple.product-type.bundle.ui-testing";
		};
/* End PBXNativeTarget section */

/* Begin PBXProject section */
		F4B9A6071EF1CA74001E099C /* Project object */ = {
			isa = PBXProject;
			attributes = {
				LastUpgradeCheck = 0820;
				ORGANIZATIONNAME = "Eric Labaci";
				TargetAttributes = {
					F4B9A60E1EF1CA74001E099C = {
						CreatedOnToolsVersion = 8.2.1;
						DevelopmentTeam = 2DB2T6HKRU;
						ProvisioningStyle = Automatic;
					};
					F4B9A6271EF1CA74001E099C = {
						CreatedOnToolsVersion = 8.2.1;
						ProvisioningStyle = Automatic;
						TestTargetID = F4B9A60E1EF1CA74001E099C;
					};
					F4B9A6321EF1CA74001E099C = {
						CreatedOnToolsVersion = 8.2.1;
						ProvisioningStyle = Automatic;
						TestTargetID = F4B9A60E1EF1CA74001E099C;
					};
				};
			};
			buildConfigurationList = F4B9A60A1EF1CA74001E099C /* Build configuration list for PBXProject "iCarList" */;
			compatibilityVersion = "Xcode 3.2";
			developmentRegion = English;
			hasScannedForEncodings = 0;
			knownRegions = (
				en,
				Base,
			);
			mainGroup = F4B9A6061EF1CA74001E099C;
			productRefGroup = F4B9A6101EF1CA74001E099C /* Products */;
			projectDirPath = "";
			projectRoot = "";
			targets = (
				F4B9A60E1EF1CA74001E099C /* iCarList */,
				F4B9A6271EF1CA74001E099C /* iCarListTests */,
				F4B9A6321EF1CA74001E099C /* iCarListUITests */,
			);
		};
/* End PBXProject section */

/* Begin PBXResourcesBuildPhase section */
		F4B9A60D1EF1CA74001E099C /* Resources */ = {
			isa = PBXResourcesBuildPhase;
			buildActionMask = 2147483647;
			files = (
				F4B9A6221EF1CA74001E099C /* LaunchScreen.storyboard in Resources */,
				F4B9A61F1EF1CA74001E099C /* Assets.xcassets in Resources */,
				F4B9A61D1EF1CA74001E099C /* Main.storyboard in Resources */,
				F40FB3291F0301B500A126DF /* WebViewController.xib in Resources */,
			);
			runOnlyForDeploymentPostprocessing = 0;
		};
		F4B9A6261EF1CA74001E099C /* Resources */ = {
			isa = PBXResourcesBuildPhase;
			buildActionMask = 2147483647;
			files = (
			);
			runOnlyForDeploymentPostprocessing = 0;
		};
		F4B9A6311EF1CA74001E099C /* Resources */ = {
			isa = PBXResourcesBuildPhase;
			buildActionMask = 2147483647;
			files = (
			);
			runOnlyForDeploymentPostprocessing = 0;
		};
/* End PBXResourcesBuildPhase section */

/* Begin PBXSourcesBuildPhase section */
		F4B9A60B1EF1CA74001E099C /* Sources */ = {
			isa = PBXSourcesBuildPhase;
			buildActionMask = 2147483647;
			files = (
				F477E16D1EF814CC00A524F2 /* PhotoScroller.m in Sources */,
				F44C8BE11F014927003E58CB /* WebViewController.m in Sources */,
				F4B9A6171EF1CA74001E099C /* AppDelegate.m in Sources */,
				F41B13B51F059F1D00ED54E6 /* Utils.m in Sources */,
				F41AE6EC1EFC5C65001A4184 /* ConfigurationViewController.m in Sources */,
				F4E097E71F0FCD1600A15B6F /* SearchViewController.m in Sources */,
				F4B9A6521EF1D36F001E099C /* CarInfoViewController.m in Sources */,
				F41D41D01F0EAA8000F421DA /* TPKeyboardAvoidingScrollView.m in Sources */,
				F46694A01EFBFFC600748DAA /* NextTextField.m in Sources */,
				F41D3F501F0FF2420001254F /* Sort.m in Sources */,
				F41D3F4D1F0FEA000001254F /* SortTableViewCell.m in Sources */,
				F45807291EFD946000FD19D4 /* NSString+MD5.m in Sources */,
				F4175B521EF85C4A005278D9 /* CarInfo.m in Sources */,
				F4B9A6141EF1CA74001E099C /* main.m in Sources */,
				F4B9A64D1EF1CBF7001E099C /* CarListTableViewCell.m in Sources */,
				F4B9A6471EF1CB7A001E099C /* CarListTableViewController.m in Sources */,
				F41D41D31F0EAAC700F421DA /* UIScrollView+TPKeyboardAvoidingAdditions.m in Sources */,
				F404CB1D1EFDBEF500506D92 /* AboutViewController.m in Sources */,
				F419B9571EFB15BF003131AB /* HomeViewController.m in Sources */,
			);
			runOnlyForDeploymentPostprocessing = 0;
		};
		F4B9A6241EF1CA74001E099C /* Sources */ = {
			isa = PBXSourcesBuildPhase;
			buildActionMask = 2147483647;
			files = (
				F4B9A62D1EF1CA74001E099C /* iCarListTests.m in Sources */,
			);
			runOnlyForDeploymentPostprocessing = 0;
		};
		F4B9A62F1EF1CA74001E099C /* Sources */ = {
			isa = PBXSourcesBuildPhase;
			buildActionMask = 2147483647;
			files = (
				F4B9A6381EF1CA74001E099C /* iCarListUITests.m in Sources */,
			);
			runOnlyForDeploymentPostprocessing = 0;
		};
/* End PBXSourcesBuildPhase section */

/* Begin PBXTargetDependency section */
		F4B9A62A1EF1CA74001E099C /* PBXTargetDependency */ = {
			isa = PBXTargetDependency;
			target = F4B9A60E1EF1CA74001E099C /* iCarList */;
			targetProxy = F4B9A6291EF1CA74001E099C /* PBXContainerItemProxy */;
		};
		F4B9A6351EF1CA74001E099C /* PBXTargetDependency */ = {
			isa = PBXTargetDependency;
			target = F4B9A60E1EF1CA74001E099C /* iCarList */;
			targetProxy = F4B9A6341EF1CA74001E099C /* PBXContainerItemProxy */;
		};
/* End PBXTargetDependency section */

/* Begin PBXVariantGroup section */
		F4B9A61B1EF1CA74001E099C /* Main.storyboard */ = {
			isa = PBXVariantGroup;
			children = (
				F4B9A61C1EF1CA74001E099C /* Base */,
			);
			name = Main.storyboard;
			sourceTree = "<group>";
		};
		F4B9A6201EF1CA74001E099C /* LaunchScreen.storyboard */ = {
			isa = PBXVariantGroup;
			children = (
				F4B9A6211EF1CA74001E099C /* Base */,
			);
			name = LaunchScreen.storyboard;
			sourceTree = "<group>";
		};
/* End PBXVariantGroup section */

/* Begin XCBuildConfiguration section */
		F4B9A63A1EF1CA74001E099C /* Debug */ = {
			isa = XCBuildConfiguration;
			buildSettings = {
				ALWAYS_SEARCH_USER_PATHS = NO;
				CLANG_ANALYZER_NONNULL = YES;
				CLANG_CXX_LANGUAGE_STANDARD = "gnu++0x";
				CLANG_CXX_LIBRARY = "libc++";
				CLANG_ENABLE_MODULES = YES;
				CLANG_ENABLE_OBJC_ARC = YES;
				CLANG_WARN_BOOL_CONVERSION = YES;
				CLANG_WARN_CONSTANT_CONVERSION = YES;
				CLANG_WARN_DIRECT_OBJC_ISA_USAGE = YES_ERROR;
				CLANG_WARN_DOCUMENTATION_COMMENTS = YES;
				CLANG_WARN_EMPTY_BODY = YES;
				CLANG_WARN_ENUM_CONVERSION = YES;
				CLANG_WARN_INFINITE_RECURSION = YES;
				CLANG_WARN_INT_CONVERSION = YES;
				CLANG_WARN_OBJC_ROOT_CLASS = YES_ERROR;
				CLANG_WARN_SUSPICIOUS_MOVE = YES;
				CLANG_WARN_UNREACHABLE_CODE = YES;
				CLANG_WARN__DUPLICATE_METHOD_MATCH = YES;
				"CODE_SIGN_IDENTITY[sdk=iphoneos*]" = "iPhone Developer";
				COPY_PHASE_STRIP = NO;
				DEBUG_INFORMATION_FORMAT = dwarf;
				ENABLE_STRICT_OBJC_MSGSEND = YES;
				ENABLE_TESTABILITY = YES;
				GCC_C_LANGUAGE_STANDARD = gnu99;
				GCC_DYNAMIC_NO_PIC = NO;
				GCC_NO_COMMON_BLOCKS = YES;
				GCC_OPTIMIZATION_LEVEL = 0;
				GCC_PREPROCESSOR_DEFINITIONS = (
					"DEBUG=1",
					"$(inherited)",
				);
				GCC_WARN_64_TO_32_BIT_CONVERSION = YES;
				GCC_WARN_ABOUT_RETURN_TYPE = YES_ERROR;
				GCC_WARN_UNDECLARED_SELECTOR = YES;
				GCC_WARN_UNINITIALIZED_AUTOS = YES_AGGRESSIVE;
				GCC_WARN_UNUSED_FUNCTION = YES;
				GCC_WARN_UNUSED_VARIABLE = YES;
				IPHONEOS_DEPLOYMENT_TARGET = 10.2;
				MTL_ENABLE_DEBUG_INFO = YES;
				ONLY_ACTIVE_ARCH = YES;
				SDKROOT = iphoneos;
			};
			name = Debug;
		};
		F4B9A63B1EF1CA74001E099C /* Release */ = {
			isa = XCBuildConfiguration;
			buildSettings = {
				ALWAYS_SEARCH_USER_PATHS = NO;
				CLANG_ANALYZER_NONNULL = YES;
				CLANG_CXX_LANGUAGE_STANDARD = "gnu++0x";
				CLANG_CXX_LIBRARY = "libc++";
				CLANG_ENABLE_MODULES = YES;
				CLANG_ENABLE_OBJC_ARC = YES;
				CLANG_WARN_BOOL_CONVERSION = YES;
				CLANG_WARN_CONSTANT_CONVERSION = YES;
				CLANG_WARN_DIRECT_OBJC_ISA_USAGE = YES_ERROR;
				CLANG_WARN_DOCUMENTATION_COMMENTS = YES;
				CLANG_WARN_EMPTY_BODY = YES;
				CLANG_WARN_ENUM_CONVERSION = YES;
				CLANG_WARN_INFINITE_RECURSION = YES;
				CLANG_WARN_INT_CONVERSION = YES;
				CLANG_WARN_OBJC_ROOT_CLASS = YES_ERROR;
				CLANG_WARN_SUSPICIOUS_MOVE = YES;
				CLANG_WARN_UNREACHABLE_CODE = YES;
				CLANG_WARN__DUPLICATE_METHOD_MATCH = YES;
				"CODE_SIGN_IDENTITY[sdk=iphoneos*]" = "iPhone Developer";
				COPY_PHASE_STRIP = NO;
				DEBUG_INFORMATION_FORMAT = "dwarf-with-dsym";
				ENABLE_NS_ASSERTIONS = NO;
				ENABLE_STRICT_OBJC_MSGSEND = YES;
				GCC_C_LANGUAGE_STANDARD = gnu99;
				GCC_NO_COMMON_BLOCKS = YES;
				GCC_WARN_64_TO_32_BIT_CONVERSION = YES;
				GCC_WARN_ABOUT_RETURN_TYPE = YES_ERROR;
				GCC_WARN_UNDECLARED_SELECTOR = YES;
				GCC_WARN_UNINITIALIZED_AUTOS = YES_AGGRESSIVE;
				GCC_WARN_UNUSED_FUNCTION = YES;
				GCC_WARN_UNUSED_VARIABLE = YES;
				IPHONEOS_DEPLOYMENT_TARGET = 10.2;
				MTL_ENABLE_DEBUG_INFO = NO;
				SDKROOT = iphoneos;
				VALIDATE_PRODUCT = YES;
			};
			name = Release;
		};
		F4B9A63D1EF1CA74001E099C /* Debug */ = {
			isa = XCBuildConfiguration;
			buildSettings = {
				ASSETCATALOG_COMPILER_APPICON_NAME = AppIcon;
				DEVELOPMENT_TEAM = 2DB2T6HKRU;
				INFOPLIST_FILE = iCarList/Info.plist;
				LD_RUNPATH_SEARCH_PATHS = "$(inherited) @executable_path/Frameworks";
				PRODUCT_BUNDLE_IDENTIFIER = "Eric-Labaci.iCarList";
				PRODUCT_NAME = "$(TARGET_NAME)";
			};
			name = Debug;
		};
		F4B9A63E1EF1CA74001E099C /* Release */ = {
			isa = XCBuildConfiguration;
			buildSettings = {
				ASSETCATALOG_COMPILER_APPICON_NAME = AppIcon;
				DEVELOPMENT_TEAM = 2DB2T6HKRU;
				INFOPLIST_FILE = iCarList/Info.plist;
				LD_RUNPATH_SEARCH_PATHS = "$(inherited) @executable_path/Frameworks";
				PRODUCT_BUNDLE_IDENTIFIER = "Eric-Labaci.iCarList";
				PRODUCT_NAME = "$(TARGET_NAME)";
			};
			name = Release;
		};
		F4B9A6401EF1CA74001E099C /* Debug */ = {
			isa = XCBuildConfiguration;
			buildSettings = {
				BUNDLE_LOADER = "$(TEST_HOST)";
				INFOPLIST_FILE = iCarListTests/Info.plist;
				LD_RUNPATH_SEARCH_PATHS = "$(inherited) @executable_path/Frameworks @loader_path/Frameworks";
				PRODUCT_BUNDLE_IDENTIFIER = "Eric-Labaci.iCarListTests";
				PRODUCT_NAME = "$(TARGET_NAME)";
				TEST_HOST = "$(BUILT_PRODUCTS_DIR)/iCarList.app/iCarList";
			};
			name = Debug;
		};
		F4B9A6411EF1CA74001E099C /* Release */ = {
			isa = XCBuildConfiguration;
			buildSettings = {
				BUNDLE_LOADER = "$(TEST_HOST)";
				INFOPLIST_FILE = iCarListTests/Info.plist;
				LD_RUNPATH_SEARCH_PATHS = "$(inherited) @executable_path/Frameworks @loader_path/Frameworks";
				PRODUCT_BUNDLE_IDENTIFIER = "Eric-Labaci.iCarListTests";
				PRODUCT_NAME = "$(TARGET_NAME)";
				TEST_HOST = "$(BUILT_PRODUCTS_DIR)/iCarList.app/iCarList";
			};
			name = Release;
		};
		F4B9A6431EF1CA74001E099C /* Debug */ = {
			isa = XCBuildConfiguration;
			buildSettings = {
				INFOPLIST_FILE = iCarListUITests/Info.plist;
				LD_RUNPATH_SEARCH_PATHS = "$(inherited) @executable_path/Frameworks @loader_path/Frameworks";
				PRODUCT_BUNDLE_IDENTIFIER = "Eric-Labaci.iCarListUITests";
				PRODUCT_NAME = "$(TARGET_NAME)";
				TEST_TARGET_NAME = iCarList;
			};
			name = Debug;
		};
		F4B9A6441EF1CA74001E099C /* Release */ = {
			isa = XCBuildConfiguration;
			buildSettings = {
				INFOPLIST_FILE = iCarListUITests/Info.plist;
				LD_RUNPATH_SEARCH_PATHS = "$(inherited) @executable_path/Frameworks @loader_path/Frameworks";
				PRODUCT_BUNDLE_IDENTIFIER = "Eric-Labaci.iCarListUITests";
				PRODUCT_NAME = "$(TARGET_NAME)";
				TEST_TARGET_NAME = iCarList;
			};
			name = Release;
		};
/* End XCBuildConfiguration section */

/* Begin XCConfigurationList section */
		F4B9A60A1EF1CA74001E099C /* Build configuration list for PBXProject "iCarList" */ = {
			isa = XCConfigurationList;
			buildConfigurations = (
				F4B9A63A1EF1CA74001E099C /* Debug */,
				F4B9A63B1EF1CA74001E099C /* Release */,
			);
			defaultConfigurationIsVisible = 0;
			defaultConfigurationName = Release;
		};
		F4B9A63C1EF1CA74001E099C /* Build configuration list for PBXNativeTarget "iCarList" */ = {
			isa = XCConfigurationList;
			buildConfigurations = (
				F4B9A63D1EF1CA74001E099C /* Debug */,
				F4B9A63E1EF1CA74001E099C /* Release */,
			);
			defaultConfigurationIsVisible = 0;
			defaultConfigurationName = Release;
		};
		F4B9A63F1EF1CA74001E099C /* Build configuration list for PBXNativeTarget "iCarListTests" */ = {
			isa = XCConfigurationList;
			buildConfigurations = (
				F4B9A6401EF1CA74001E099C /* Debug */,
				F4B9A6411EF1CA74001E099C /* Release */,
			);
			defaultConfigurationIsVisible = 0;
			defaultConfigurationName = Release;
		};
		F4B9A6421EF1CA74001E099C /* Build configuration list for PBXNativeTarget "iCarListUITests" */ = {
			isa = XCConfigurationList;
			buildConfigurations = (
				F4B9A6431EF1CA74001E099C /* Debug */,
				F4B9A6441EF1CA74001E099C /* Release */,
			);
			defaultConfigurationIsVisible = 0;
			defaultConfigurationName = Release;
		};
/* End XCConfigurationList section */
	};
	rootObject = F4B9A6071EF1CA74001E099C /* Project object */;
}
